
Microsoft Visual Studio Solution File, Format Version 12.00
# Visual Studio 14
VisualStudioVersion = 14.0.25123.0
MinimumVisualStudioVersion = 10.0.40219.1
Project("{FAE04EC0-301F-11D3-BF4B-00C04F79EFBC}") = "GarageII_TheParking", "GarageII_TheParking\GarageII_TheParking.csproj", "{8581657F-C163-401B-97A3-F12887E1B23C}"
EndProject
Project("{FAE04EC0-301F-11D3-BF4B-00C04F79EFBC}") = "GarageII_TheParking.Tests", "GarageII_TheParking.Tests\GarageII_TheParking.Tests.csproj", "{225C2529-3D29-4FF9-A0B5-4039717054F3}"
EndProject
Global
	GlobalSection(SolutionConfigurationPlatforms) = preSolution
		Debug|Any CPU = Debug|Any CPU
		Release|Any CPU = Release|Any CPU
	EndGlobalSection
	GlobalSection(ProjectConfigurationPlatforms) = postSolution
		{8581657F-C163-401B-97A3-F12887E1B23C}.Debug|Any CPU.ActiveCfg = Debug|Any CPU
		{8581657F-C163-401B-97A3-F12887E1B23C}.Debug|Any CPU.Build.0 = Debug|Any CPU
		{8581657F-C163-401B-97A3-F12887E1B23C}.Release|Any CPU.ActiveCfg = Release|Any CPU
		{8581657F-C163-401B-97A3-F12887E1B23C}.Release|Any CPU.Build.0 = Release|Any CPU
		{225C2529-3D29-4FF9-A0B5-4039717054F3}.Debug|Any CPU.ActiveCfg = Debug|Any CPU
		{225C2529-3D29-4FF9-A0B5-4039717054F3}.Debug|Any CPU.Build.0 = Debug|Any CPU
		{225C2529-3D29-4FF9-A0B5-4039717054F3}.Release|Any CPU.ActiveCfg = Release|Any CPU
		{225C2529-3D29-4FF9-A0B5-4039717054F3}.Release|Any CPU.Build.0 = Release|Any CPU
	EndGlobalSection
	GlobalSection(SolutionProperties) = preSolution
		HideSolutionNode = FALSE
	EndGlobalSection
EndGlobal
